# THIS IS AN AUTOGENERATED FILE. DO NOT EDIT THIS FILE DIRECTLY.
# yarn lockfile v1


asynckit@^0.4.0:
  version "0.4.0"
  resolved "http://r.npm.sankuai.com/asynckit/download/asynckit-0.4.0.tgz#c79ed97f7f34cb8f2ba1bc9790bcc366474b4b79"
  integrity sha1-x57Zf380y48robyXkLzDZkdLS3k=

axios@^0.27.2:
  version "0.27.2"
  resolved "http://r.npm.sankuai.com/axios/download/axios-0.27.2.tgz#207658cc8621606e586c85db4b41a750e756d972"
  integrity sha1-IHZYzIYhYG5YbIXbS0GnUOdW2XI=
  dependencies:
    follow-redirects "^1.14.9"
    form-data "^4.0.0"

bignumber.js@9.0.0:
  version "9.0.0"
  resolved "http://r.npm.sankuai.com/bignumber.js/download/bignumber.js-9.0.0.tgz#805880f84a329b5eac6e7cb6f8274b6d82bdf075"
  integrity sha1-gFiA+Eoym16sbny2+CdLbYK98HU=

combined-stream@^1.0.8:
  version "1.0.8"
  resolved "http://r.npm.sankuai.com/combined-stream/download/combined-stream-1.0.8.tgz#c3d45a8b34fd730631a110a8a2520682b31d5a7f"
  integrity sha1-w9RaizT9cwYxoRCoolIGgrMdWn8=
  dependencies:
    delayed-stream "~1.0.0"

core-util-is@~1.0.0:
  version "1.0.3"
  resolved "http://r.npm.sankuai.com/core-util-is/download/core-util-is-1.0.3.tgz#a6042d3634c2b27e9328f837b965fac83808db85"
  integrity sha1-pgQtNjTCsn6TKPg3uWX6yDgI24U=

delayed-stream@~1.0.0:
  version "1.0.0"
  resolved "http://r.npm.sankuai.com/delayed-stream/download/delayed-stream-1.0.0.tgz#df3ae199acadfb7d440aaae0b29e2272b24ec619"
  integrity sha1-3zrhmayt+31ECqrgsp4icrJOxhk=

es6-promise@^2.0.1:
  version "2.3.0"
  resolved "http://r.npm.sankuai.com/es6-promise/download/es6-promise-2.3.0.tgz#96edb9f2fdb01995822b263dd8aadab6748181bc"
  integrity sha1-lu258v2wGZWCKyY92KratnSBgbw=

follow-redirects@^1.14.9:
  version "1.15.1"
  resolved "http://r.npm.sankuai.com/follow-redirects/download/follow-redirects-1.15.1.tgz#0ca6a452306c9b276e4d3127483e29575e207ad5"
  integrity sha1-DKakUjBsmyduTTEnSD4pV14getU=

form-data@^4.0.0:
  version "4.0.0"
  resolved "http://r.npm.sankuai.com/form-data/download/form-data-4.0.0.tgz#93919daeaf361ee529584b9b31664dc12c9fa452"
  integrity sha1-k5Gdrq82HuUpWEubMWZNwSyfpFI=
  dependencies:
    asynckit "^0.4.0"
    combined-stream "^1.0.8"
    mime-types "^2.1.12"

inherits@~2.0.3:
  version "2.0.4"
  resolved "http://r.npm.sankuai.com/inherits/download/inherits-2.0.4.tgz#0fa2c64f932917c3433a0ded55363aae37416b7c"
  integrity sha1-D6LGT5MpF8NDOg3tVTY6rjdBa3w=

isarray@~1.0.0:
  version "1.0.0"
  resolved "http://r.npm.sankuai.com/isarray/download/isarray-1.0.0.tgz#bb935d48582cba168c06834957a54a3e07124f11"
  integrity sha1-u5NdSFgsuhaMBoNJV6VKPgcSTxE=

mime-db@1.52.0:
  version "1.52.0"
  resolved "http://r.npm.sankuai.com/mime-db/download/mime-db-1.52.0.tgz#bbabcdc02859f4987301c856e3387ce5ec43bf70"
  integrity sha1-u6vNwChZ9JhzAchW4zh85exDv3A=

mime-types@^2.1.12:
  version "2.1.35"
  resolved "http://r.npm.sankuai.com/mime-types/download/mime-types-2.1.35.tgz#381a871b62a734450660ae3deee44813f70d959a"
  integrity sha1-OBqHG2KnNEUGYK497uRIE/cNlZo=
  dependencies:
    mime-db "1.52.0"

mysql@^2.5.4:
  version "2.18.1"
  resolved "http://r.npm.sankuai.com/mysql/download/mysql-2.18.1.tgz#2254143855c5a8c73825e4522baf2ea021766717"
  integrity sha1-IlQUOFXFqMc4JeRSK68uoCF2Zxc=
  dependencies:
    bignumber.js "9.0.0"
    readable-stream "2.3.7"
    safe-buffer "5.1.2"
    sqlstring "2.3.1"

node-mysql-promise@^0.0.7:
  version "0.0.7"
  resolved "http://r.npm.sankuai.com/node-mysql-promise/download/node-mysql-promise-0.0.7.tgz#47d668153fe6ff98f60d1a6f468f286454ada80f"
  integrity sha1-R9ZoFT/m/5j2DRpvRo8oZFStqA8=
  dependencies:
    es6-promise "^2.0.1"
    mysql "^2.5.4"

process-nextick-args@~2.0.0:
  version "2.0.1"
  resolved "http://r.npm.sankuai.com/process-nextick-args/download/process-nextick-args-2.0.1.tgz#7820d9b16120cc55ca9ae7792680ae7dba6d7fe2"
  integrity sha1-eCDZsWEgzFXKmud5JoCufbptf+I=

readable-stream@2.3.7:
  version "2.3.7"
  resolved "http://r.npm.sankuai.com/readable-stream/download/readable-stream-2.3.7.tgz#1eca1cf711aef814c04f62252a36a62f6cb23b57"
  integrity sha1-Hsoc9xGu+BTAT2IlKjamL2yyO1c=
  dependencies:
    core-util-is "~1.0.0"
    inherits "~2.0.3"
    isarray "~1.0.0"
    process-nextick-args "~2.0.0"
    safe-buffer "~5.1.1"
    string_decoder "~1.1.1"
    util-deprecate "~1.0.1"

safe-buffer@5.1.2, safe-buffer@~5.1.0, safe-buffer@~5.1.1:
  version "5.1.2"
  resolved "http://r.npm.sankuai.com/safe-buffer/download/safe-buffer-5.1.2.tgz#991ec69d296e0313747d59bdfd2b745c35f8828d"
  integrity sha1-mR7GnSluAxN0fVm9/St0XDX4go0=

sqlstring@2.3.1:
  version "2.3.1"
  resolved "http://r.npm.sankuai.com/sqlstring/download/sqlstring-2.3.1.tgz#475393ff9e91479aea62dcaf0ca3d14983a7fb40"
  integrity sha1-R1OT/56RR5rqYtyvDKPRSYOn+0A=

string_decoder@~1.1.1:
  version "1.1.1"
  resolved "http://r.npm.sankuai.com/string_decoder/download/string_decoder-1.1.1.tgz#9cf1611ba62685d7030ae9e4ba34149c3af03fc8"
  integrity sha1-nPFhG6YmhdcDCunkujQUnDrwP8g=
  dependencies:
    safe-buffer "~5.1.0"

util-deprecate@~1.0.1:
  version "1.0.2"
  resolved "http://r.npm.sankuai.com/util-deprecate/download/util-deprecate-1.0.2.tgz#450d4dc9fa70de732762fbd2d4a28981419a0ccf"
  integrity sha1-RQ1Nyfpw3nMnYvvS1KKJgUGaDM8=
